
Microsoft Visual Studio Solution File, Format Version 12.00
# Visual Studio Version 17
VisualStudioVersion = 17.14.36603.0 d17.14
MinimumVisualStudioVersion = 10.0.40219.1
Project("{8BC9CEB8-8B4A-11D0-8D11-00A0C91BC942}") = "CSHACK", "CSHACK\CSHACK.vcxproj", "{E7A356D0-2796-412F-861A-EC6B4502711E}"
EndProject
Global
	GlobalSection(SolutionConfigurationPlatforms) = preSolution
		Debug|x64 = Debug|x64
		Debug|x86 = Debug|x86
		Release|x64 = Release|x64
		Release|x86 = Release|x86
	EndGlobalSection
	GlobalSection(ProjectConfigurationPlatforms) = postSolution
		{E7A356D0-2796-412F-861A-EC6B4502711E}.Debug|x64.ActiveCfg = Debug|x64
		{E7A356D0-2796-412F-861A-EC6B4502711E}.Debug|x64.Build.0 = Debug|x64
		{E7A356D0-2796-412F-861A-EC6B4502711E}.Debug|x86.ActiveCfg = Debug|Win32
		{E7A356D0-2796-412F-861A-EC6B4502711E}.Debug|x86.Build.0 = Debug|Win32
		{E7A356D0-2796-412F-861A-EC6B4502711E}.Release|x64.ActiveCfg = Release|x64
		{E7A356D0-2796-412F-861A-EC6B4502711E}.Release|x64.Build.0 = Release|x64
		{E7A356D0-2796-412F-861A-EC6B4502711E}.Release|x86.ActiveCfg = Release|Win32
		{E7A356D0-2796-412F-861A-EC6B4502711E}.Release|x86.Build.0 = Release|Win32
	EndGlobalSection
	GlobalSection(SolutionProperties) = preSolution
		HideSolutionNode = FALSE
	EndGlobalSection
	GlobalSection(ExtensibilityGlobals) = postSolution
		SolutionGuid = {FBA334D5-FC30-4BE5-A436-EC71349EB127}
	EndGlobalSection
EndGlobal
